
Microsoft Visual Studio Solution File, Format Version 12.00
# Visual Studio 15
VisualStudioVersion = 15.0.27130.2027
MinimumVisualStudioVersion = 10.0.40219.1
Project("{FAE04EC0-301F-11D3-BF4B-00C04F79EFBC}") = "ControllersFilters", "ControllersFilters\ControllersFilters.csproj", "{91A2CCC9-01D9-491E-ADF0-669F3406B565}"
EndProject
Global
	GlobalSection(SolutionConfigurationPlatforms) = preSolution
		Debug|Any CPU = Debug|Any CPU
		Release|Any CPU = Release|Any CPU
	EndGlobalSection
	GlobalSection(ProjectConfigurationPlatforms) = postSolution
		{91A2CCC9-01D9-491E-ADF0-669F3406B565}.Debug|Any CPU.ActiveCfg = Debug|Any CPU
		{91A2CCC9-01D9-491E-ADF0-669F3406B565}.Debug|Any CPU.Build.0 = Debug|Any CPU
		{91A2CCC9-01D9-491E-ADF0-669F3406B565}.Release|Any CPU.ActiveCfg = Release|Any CPU
		{91A2CCC9-01D9-491E-ADF0-669F3406B565}.Release|Any CPU.Build.0 = Release|Any CPU
	EndGlobalSection
	GlobalSection(SolutionProperties) = preSolution
		HideSolutionNode = FALSE
	EndGlobalSection
	GlobalSection(ExtensibilityGlobals) = postSolution
		SolutionGuid = {DA8ABA42-9375-4395-AED3-918B7CC44C28}
	EndGlobalSection
EndGlobal
